{
  "object": {
    "pins": [
      {
        "package": "Half",
        "repositoryURL": "https://github.com/SomeRandomiOSDev/Half",
        "state": {
          "branch": null,
          "revision": "bb32fc7a5d5cfcee01e5442b1381450b1fcd4803",
          "version": "1.4.1"
        }
      }
    ]
  },
  "version": 1
}
