{
  "object": {
    "pins": [
      {
        "package": "Half",
        "repositoryURL": "https://github.com/SomeRandomiOSDev/Half",
        "state": {
          "branch": null,
          "revision": "8c80711c6ff57caa51e73e3b97a841c414af06cf",
          "version": "1.3.1"
        }
      }
    ]
  },
  "version": 1
}
