{
  "object": {
    "pins": [
      {
        "package": "Half",
        "repositoryURL": "https://github.com/SomeRandomiOSDev/Half",
        "state": {
          "branch": null,
          "revision": "9b6551b03546bd942bc498d9bcdc4ab2b11d87db",
          "version": "1.2.1"
        }
      }
    ]
  },
  "version": 1
}
