// !$*UTF8*$!
{
	archiveVersion = 1;
	classes = {
	};
	objectVersion = 52;
	objects = {

/* Begin PBXAggregateTarget section */
		DD12989722A48C30005CEB9A /* Run SwiftLint */ = {
			isa = PBXAggregateTarget;
			buildConfigurationList = DD12989822A48C30005CEB9A /* Build configuration list for PBXAggregateTarget "Run SwiftLint" */;
			buildPhases = (
				DD12989D22A48C47005CEB9A /* Run SwiftLint */,
			);
			dependencies = (
			);
			name = "Run SwiftLint";
			productName = "Run Swiftlint";
		};
/* End PBXAggregateTarget section */

/* Begin PBXBuildFile section */
		DD1298B122A563BE005CEB9A /* CBORCoding.framework in Frameworks */ = {isa = PBXBuildFile; fileRef = DD1298A822A563BE005CEB9A /* CBORCoding.framework */; };
		DD1298E922A56431005CEB9A /* CBORCoding.framework in Frameworks */ = {isa = PBXBuildFile; fileRef = DD1298E022A56430005CEB9A /* CBORCoding.framework */; };
		DD32E373228DDCFB002D9067 /* CBORCoding.framework in Frameworks */ = {isa = PBXBuildFile; fileRef = DD32E369228DDCFB002D9067 /* CBORCoding.framework */; };
		DDB1DF0A2409E72400C20FED /* Containers.swift in Sources */ = {isa = PBXBuildFile; fileRef = DDB1DF032409E72400C20FED /* Containers.swift */; };
		DDB1DF0B2409E72400C20FED /* Containers.swift in Sources */ = {isa = PBXBuildFile; fileRef = DDB1DF032409E72400C20FED /* Containers.swift */; };
		DDB1DF0C2409E72400C20FED /* Containers.swift in Sources */ = {isa = PBXBuildFile; fileRef = DDB1DF032409E72400C20FED /* Containers.swift */; };
		DDB1DF0D2409E72400C20FED /* Containers.swift in Sources */ = {isa = PBXBuildFile; fileRef = DDB1DF032409E72400C20FED /* Containers.swift */; };
		DDB1DF0E2409E72400C20FED /* CBOREncoder.swift in Sources */ = {isa = PBXBuildFile; fileRef = DDB1DF042409E72400C20FED /* CBOREncoder.swift */; };
		DDB1DF0F2409E72400C20FED /* CBOREncoder.swift in Sources */ = {isa = PBXBuildFile; fileRef = DDB1DF042409E72400C20FED /* CBOREncoder.swift */; };
		DDB1DF102409E72400C20FED /* CBOREncoder.swift in Sources */ = {isa = PBXBuildFile; fileRef = DDB1DF042409E72400C20FED /* CBOREncoder.swift */; };
		DDB1DF112409E72400C20FED /* CBOREncoder.swift in Sources */ = {isa = PBXBuildFile; fileRef = DDB1DF042409E72400C20FED /* CBOREncoder.swift */; };
		DDB1DF122409E72400C20FED /* CBOR+Equatable.swift in Sources */ = {isa = PBXBuildFile; fileRef = DDB1DF052409E72400C20FED /* CBOR+Equatable.swift */; };
		DDB1DF132409E72400C20FED /* CBOR+Equatable.swift in Sources */ = {isa = PBXBuildFile; fileRef = DDB1DF052409E72400C20FED /* CBOR+Equatable.swift */; };
		DDB1DF142409E72400C20FED /* CBOR+Equatable.swift in Sources */ = {isa = PBXBuildFile; fileRef = DDB1DF052409E72400C20FED /* CBOR+Equatable.swift */; };
		DDB1DF152409E72400C20FED /* CBOR+Equatable.swift in Sources */ = {isa = PBXBuildFile; fileRef = DDB1DF052409E72400C20FED /* CBOR+Equatable.swift */; };
		DDB1DF162409E72400C20FED /* CBORDecoder.swift in Sources */ = {isa = PBXBuildFile; fileRef = DDB1DF062409E72400C20FED /* CBORDecoder.swift */; };
		DDB1DF172409E72400C20FED /* CBORDecoder.swift in Sources */ = {isa = PBXBuildFile; fileRef = DDB1DF062409E72400C20FED /* CBORDecoder.swift */; };
		DDB1DF182409E72400C20FED /* CBORDecoder.swift in Sources */ = {isa = PBXBuildFile; fileRef = DDB1DF062409E72400C20FED /* CBORDecoder.swift */; };
		DDB1DF192409E72400C20FED /* CBORDecoder.swift in Sources */ = {isa = PBXBuildFile; fileRef = DDB1DF062409E72400C20FED /* CBORDecoder.swift */; };
		DDB1DF1A2409E72400C20FED /* CBOR.swift in Sources */ = {isa = PBXBuildFile; fileRef = DDB1DF072409E72400C20FED /* CBOR.swift */; };
		DDB1DF1B2409E72400C20FED /* CBOR.swift in Sources */ = {isa = PBXBuildFile; fileRef = DDB1DF072409E72400C20FED /* CBOR.swift */; };
		DDB1DF1C2409E72400C20FED /* CBOR.swift in Sources */ = {isa = PBXBuildFile; fileRef = DDB1DF072409E72400C20FED /* CBOR.swift */; };
		DDB1DF1D2409E72400C20FED /* CBOR.swift in Sources */ = {isa = PBXBuildFile; fileRef = DDB1DF072409E72400C20FED /* CBOR.swift */; };
		DDB1DF1E2409E72400C20FED /* CBOR+Codable.swift in Sources */ = {isa = PBXBuildFile; fileRef = DDB1DF082409E72400C20FED /* CBOR+Codable.swift */; };
		DDB1DF1F2409E72400C20FED /* CBOR+Codable.swift in Sources */ = {isa = PBXBuildFile; fileRef = DDB1DF082409E72400C20FED /* CBOR+Codable.swift */; };
		DDB1DF202409E72400C20FED /* CBOR+Codable.swift in Sources */ = {isa = PBXBuildFile; fileRef = DDB1DF082409E72400C20FED /* CBOR+Codable.swift */; };
		DDB1DF212409E72400C20FED /* CBOR+Codable.swift in Sources */ = {isa = PBXBuildFile; fileRef = DDB1DF082409E72400C20FED /* CBOR+Codable.swift */; };
		DDB1DF222409E72400C20FED /* CBORParser.swift in Sources */ = {isa = PBXBuildFile; fileRef = DDB1DF092409E72400C20FED /* CBORParser.swift */; };
		DDB1DF232409E72400C20FED /* CBORParser.swift in Sources */ = {isa = PBXBuildFile; fileRef = DDB1DF092409E72400C20FED /* CBORParser.swift */; };
		DDB1DF242409E72400C20FED /* CBORParser.swift in Sources */ = {isa = PBXBuildFile; fileRef = DDB1DF092409E72400C20FED /* CBORParser.swift */; };
		DDB1DF252409E72400C20FED /* CBORParser.swift in Sources */ = {isa = PBXBuildFile; fileRef = DDB1DF092409E72400C20FED /* CBORParser.swift */; };
		DDB1DF2F2409E76500C20FED /* CBORParserTests.swift in Sources */ = {isa = PBXBuildFile; fileRef = DDB1DF2A2409E76500C20FED /* CBORParserTests.swift */; };
		DDB1DF302409E76500C20FED /* CBORParserTests.swift in Sources */ = {isa = PBXBuildFile; fileRef = DDB1DF2A2409E76500C20FED /* CBORParserTests.swift */; };
		DDB1DF312409E76500C20FED /* CBORParserTests.swift in Sources */ = {isa = PBXBuildFile; fileRef = DDB1DF2A2409E76500C20FED /* CBORParserTests.swift */; };
		DDB1DF322409E76500C20FED /* CBORDecoderTests.swift in Sources */ = {isa = PBXBuildFile; fileRef = DDB1DF2B2409E76500C20FED /* CBORDecoderTests.swift */; };
		DDB1DF332409E76500C20FED /* CBORDecoderTests.swift in Sources */ = {isa = PBXBuildFile; fileRef = DDB1DF2B2409E76500C20FED /* CBORDecoderTests.swift */; };
		DDB1DF342409E76500C20FED /* CBORDecoderTests.swift in Sources */ = {isa = PBXBuildFile; fileRef = DDB1DF2B2409E76500C20FED /* CBORDecoderTests.swift */; };
		DDB1DF352409E76500C20FED /* CBORTests.swift in Sources */ = {isa = PBXBuildFile; fileRef = DDB1DF2C2409E76500C20FED /* CBORTests.swift */; };
		DDB1DF362409E76500C20FED /* CBORTests.swift in Sources */ = {isa = PBXBuildFile; fileRef = DDB1DF2C2409E76500C20FED /* CBORTests.swift */; };
		DDB1DF372409E76500C20FED /* CBORTests.swift in Sources */ = {isa = PBXBuildFile; fileRef = DDB1DF2C2409E76500C20FED /* CBORTests.swift */; };
		DDB1DF382409E76500C20FED /* ContainersTests.swift in Sources */ = {isa = PBXBuildFile; fileRef = DDB1DF2D2409E76500C20FED /* ContainersTests.swift */; };
		DDB1DF392409E76500C20FED /* ContainersTests.swift in Sources */ = {isa = PBXBuildFile; fileRef = DDB1DF2D2409E76500C20FED /* ContainersTests.swift */; };
		DDB1DF3A2409E76500C20FED /* ContainersTests.swift in Sources */ = {isa = PBXBuildFile; fileRef = DDB1DF2D2409E76500C20FED /* ContainersTests.swift */; };
		DDB1DF3B2409E76500C20FED /* CBOREncoderTests.swift in Sources */ = {isa = PBXBuildFile; fileRef = DDB1DF2E2409E76500C20FED /* CBOREncoderTests.swift */; };
		DDB1DF3C2409E76500C20FED /* CBOREncoderTests.swift in Sources */ = {isa = PBXBuildFile; fileRef = DDB1DF2E2409E76500C20FED /* CBOREncoderTests.swift */; };
		DDB1DF3D2409E76600C20FED /* CBOREncoderTests.swift in Sources */ = {isa = PBXBuildFile; fileRef = DDB1DF2E2409E76500C20FED /* CBOREncoderTests.swift */; };
		DDB1DF6E240B38A000C20FED /* Half in Frameworks */ = {isa = PBXBuildFile; productRef = DDB1DF6D240B38A000C20FED /* Half */; };
		DDB1DF71240B38CB00C20FED /* Half in Frameworks */ = {isa = PBXBuildFile; productRef = DDB1DF70240B38CB00C20FED /* Half */; };
		DDB1DF73240B38D100C20FED /* Half in Frameworks */ = {isa = PBXBuildFile; productRef = DDB1DF72240B38D100C20FED /* Half */; };
		DDB1DF75240B38D600C20FED /* Half in Frameworks */ = {isa = PBXBuildFile; productRef = DDB1DF74240B38D600C20FED /* Half */; };
/* End PBXBuildFile section */

/* Begin PBXContainerItemProxy section */
		DD12989F22A48C6C005CEB9A /* PBXContainerItemProxy */ = {
			isa = PBXContainerItemProxy;
			containerPortal = DD32E360228DDCFB002D9067 /* Project object */;
			proxyType = 1;
			remoteGlobalIDString = DD12989722A48C30005CEB9A;
			remoteInfo = "Run SwiftLint";
		};
		DD1298B222A563BE005CEB9A /* PBXContainerItemProxy */ = {
			isa = PBXContainerItemProxy;
			containerPortal = DD32E360228DDCFB002D9067 /* Project object */;
			proxyType = 1;
			remoteGlobalIDString = DD1298A722A563BE005CEB9A;
			remoteInfo = "CBORCoding macOS";
		};
		DD1298EA22A56431005CEB9A /* PBXContainerItemProxy */ = {
			isa = PBXContainerItemProxy;
			containerPortal = DD32E360228DDCFB002D9067 /* Project object */;
			proxyType = 1;
			remoteGlobalIDString = DD1298DF22A56430005CEB9A;
			remoteInfo = "CBORCoding tvOS";
		};
		DD12991A22A56494005CEB9A /* PBXContainerItemProxy */ = {
			isa = PBXContainerItemProxy;
			containerPortal = DD32E360228DDCFB002D9067 /* Project object */;
			proxyType = 1;
			remoteGlobalIDString = DD12989722A48C30005CEB9A;
			remoteInfo = "Run SwiftLint";
		};
		DD12991C22A5649B005CEB9A /* PBXContainerItemProxy */ = {
			isa = PBXContainerItemProxy;
			containerPortal = DD32E360228DDCFB002D9067 /* Project object */;
			proxyType = 1;
			remoteGlobalIDString = DD12989722A48C30005CEB9A;
			remoteInfo = "Run SwiftLint";
		};
		DD12991E22A564A0005CEB9A /* PBXContainerItemProxy */ = {
			isa = PBXContainerItemProxy;
			containerPortal = DD32E360228DDCFB002D9067 /* Project object */;
			proxyType = 1;
			remoteGlobalIDString = DD12989722A48C30005CEB9A;
			remoteInfo = "Run SwiftLint";
		};
		DD32E374228DDCFB002D9067 /* PBXContainerItemProxy */ = {
			isa = PBXContainerItemProxy;
			containerPortal = DD32E360228DDCFB002D9067 /* Project object */;
			proxyType = 1;
			remoteGlobalIDString = DD32E368228DDCFB002D9067;
			remoteInfo = CBORCoding;
		};
/* End PBXContainerItemProxy section */

/* Begin PBXCopyFilesBuildPhase section */
		DD7B003323F46F08008AD6A7 /* Embed Frameworks */ = {
			isa = PBXCopyFilesBuildPhase;
			buildActionMask = 2147483647;
			dstPath = "";
			dstSubfolderSpec = 10;
			files = (
			);
			name = "Embed Frameworks";
			runOnlyForDeploymentPostprocessing = 0;
		};
		DD7B003723F46F18008AD6A7 /* Embed Frameworks */ = {
			isa = PBXCopyFilesBuildPhase;
			buildActionMask = 2147483647;
			dstPath = "";
			dstSubfolderSpec = 10;
			files = (
			);
			name = "Embed Frameworks";
			runOnlyForDeploymentPostprocessing = 0;
		};
		DD7B003B23F46F24008AD6A7 /* Embed Frameworks */ = {
			isa = PBXCopyFilesBuildPhase;
			buildActionMask = 2147483647;
			dstPath = "";
			dstSubfolderSpec = 10;
			files = (
			);
			name = "Embed Frameworks";
			runOnlyForDeploymentPostprocessing = 0;
		};
		DD7B003F23F46F2E008AD6A7 /* Embed Frameworks */ = {
			isa = PBXCopyFilesBuildPhase;
			buildActionMask = 2147483647;
			dstPath = "";
			dstSubfolderSpec = 10;
			files = (
			);
			name = "Embed Frameworks";
			runOnlyForDeploymentPostprocessing = 0;
		};
/* End PBXCopyFilesBuildPhase section */

/* Begin PBXFileReference section */
		DD12989122A487FB005CEB9A /* CBORCoding.podspec */ = {isa = PBXFileReference; fileEncoding = 4; lastKnownFileType = text; path = CBORCoding.podspec; sourceTree = SOURCE_ROOT; };
		DD12989222A487FB005CEB9A /* LICENSE */ = {isa = PBXFileReference; fileEncoding = 4; lastKnownFileType = text; path = LICENSE; sourceTree = SOURCE_ROOT; };
		DD12989322A487FB005CEB9A /* README.md */ = {isa = PBXFileReference; fileEncoding = 4; lastKnownFileType = net.daringfireball.markdown; path = README.md; sourceTree = SOURCE_ROOT; };
		DD1298A122A546B4005CEB9A /* .swiftlint.yml */ = {isa = PBXFileReference; lastKnownFileType = text.plist.xml; path = .swiftlint.yml; sourceTree = SOURCE_ROOT; };
		DD1298A822A563BE005CEB9A /* CBORCoding.framework */ = {isa = PBXFileReference; explicitFileType = wrapper.framework; includeInIndex = 0; path = CBORCoding.framework; sourceTree = BUILT_PRODUCTS_DIR; };
		DD1298B022A563BE005CEB9A /* CBORCoding macOS Tests.xctest */ = {isa = PBXFileReference; explicitFileType = wrapper.cfbundle; includeInIndex = 0; path = "CBORCoding macOS Tests.xctest"; sourceTree = BUILT_PRODUCTS_DIR; };
		DD1298E022A56430005CEB9A /* CBORCoding.framework */ = {isa = PBXFileReference; explicitFileType = wrapper.framework; includeInIndex = 0; path = CBORCoding.framework; sourceTree = BUILT_PRODUCTS_DIR; };
		DD1298E822A56430005CEB9A /* CBORCoding tvOS Tests.xctest */ = {isa = PBXFileReference; explicitFileType = wrapper.cfbundle; includeInIndex = 0; path = "CBORCoding tvOS Tests.xctest"; sourceTree = BUILT_PRODUCTS_DIR; };
		DD1298FE22A5644C005CEB9A /* CBORCoding.framework */ = {isa = PBXFileReference; explicitFileType = wrapper.framework; includeInIndex = 0; path = CBORCoding.framework; sourceTree = BUILT_PRODUCTS_DIR; };
		DD12992022A5680A005CEB9A /* ATTRIBUTIONS */ = {isa = PBXFileReference; lastKnownFileType = text; path = ATTRIBUTIONS; sourceTree = SOURCE_ROOT; };
		DD32E369228DDCFB002D9067 /* CBORCoding.framework */ = {isa = PBXFileReference; explicitFileType = wrapper.framework; includeInIndex = 0; path = CBORCoding.framework; sourceTree = BUILT_PRODUCTS_DIR; };
		DD32E372228DDCFB002D9067 /* CBORCodingTests.xctest */ = {isa = PBXFileReference; explicitFileType = wrapper.cfbundle; includeInIndex = 0; path = CBORCodingTests.xctest; sourceTree = BUILT_PRODUCTS_DIR; };
		DDB1DF012409E71200C20FED /* CBORCoding-Info.plist */ = {isa = PBXFileReference; lastKnownFileType = text.plist.xml; name = "CBORCoding-Info.plist"; path = "Plists/CBORCoding-Info.plist"; sourceTree = "<group>"; };
		DDB1DF032409E72400C20FED /* Containers.swift */ = {isa = PBXFileReference; fileEncoding = 4; lastKnownFileType = sourcecode.swift; path = Containers.swift; sourceTree = "<group>"; };
		DDB1DF042409E72400C20FED /* CBOREncoder.swift */ = {isa = PBXFileReference; fileEncoding = 4; lastKnownFileType = sourcecode.swift; path = CBOREncoder.swift; sourceTree = "<group>"; };
		DDB1DF052409E72400C20FED /* CBOR+Equatable.swift */ = {isa = PBXFileReference; fileEncoding = 4; lastKnownFileType = sourcecode.swift; path = "CBOR+Equatable.swift"; sourceTree = "<group>"; };
		DDB1DF062409E72400C20FED /* CBORDecoder.swift */ = {isa = PBXFileReference; fileEncoding = 4; lastKnownFileType = sourcecode.swift; path = CBORDecoder.swift; sourceTree = "<group>"; };
		DDB1DF072409E72400C20FED /* CBOR.swift */ = {isa = PBXFileReference; fileEncoding = 4; lastKnownFileType = sourcecode.swift; path = CBOR.swift; sourceTree = "<group>"; };
		DDB1DF082409E72400C20FED /* CBOR+Codable.swift */ = {isa = PBXFileReference; fileEncoding = 4; lastKnownFileType = sourcecode.swift; path = "CBOR+Codable.swift"; sourceTree = "<group>"; };
		DDB1DF092409E72400C20FED /* CBORParser.swift */ = {isa = PBXFileReference; fileEncoding = 4; lastKnownFileType = sourcecode.swift; path = CBORParser.swift; sourceTree = "<group>"; };
		DDB1DF2A2409E76500C20FED /* CBORParserTests.swift */ = {isa = PBXFileReference; fileEncoding = 4; lastKnownFileType = sourcecode.swift; path = CBORParserTests.swift; sourceTree = "<group>"; };
		DDB1DF2B2409E76500C20FED /* CBORDecoderTests.swift */ = {isa = PBXFileReference; fileEncoding = 4; lastKnownFileType = sourcecode.swift; path = CBORDecoderTests.swift; sourceTree = "<group>"; };
		DDB1DF2C2409E76500C20FED /* CBORTests.swift */ = {isa = PBXFileReference; fileEncoding = 4; lastKnownFileType = sourcecode.swift; path = CBORTests.swift; sourceTree = "<group>"; };
		DDB1DF2D2409E76500C20FED /* ContainersTests.swift */ = {isa = PBXFileReference; fileEncoding = 4; lastKnownFileType = sourcecode.swift; path = ContainersTests.swift; sourceTree = "<group>"; };
		DDB1DF2E2409E76500C20FED /* CBOREncoderTests.swift */ = {isa = PBXFileReference; fileEncoding = 4; lastKnownFileType = sourcecode.swift; path = CBOREncoderTests.swift; sourceTree = "<group>"; };
		DDB1DF3E2409E77500C20FED /* CBORCodingTests-Info.plist */ = {isa = PBXFileReference; lastKnownFileType = text.plist.xml; name = "CBORCodingTests-Info.plist"; path = "Plists/CBORCodingTests-Info.plist"; sourceTree = "<group>"; };
		DDB1DFA2240E949B00C20FED /* Package@swift-4.2.swift */ = {isa = PBXFileReference; lastKnownFileType = sourcecode.swift; path = "Package@swift-4.2.swift"; sourceTree = "<group>"; };
		DDF723882413688A00F58881 /* codecov.yml */ = {isa = PBXFileReference; lastKnownFileType = text.yaml; path = codecov.yml; sourceTree = "<group>"; };
		DDF755AB22A80069002E11D4 /* .travis.yml */ = {isa = PBXFileReference; lastKnownFileType = text; path = .travis.yml; sourceTree = SOURCE_ROOT; };
		DDF755AC22A8649F002E11D4 /* Package.swift */ = {isa = PBXFileReference; lastKnownFileType = sourcecode.swift; path = Package.swift; sourceTree = SOURCE_ROOT; };
/* End PBXFileReference section */

/* Begin PBXFrameworksBuildPhase section */
		DD1298A522A563BE005CEB9A /* Frameworks */ = {
			isa = PBXFrameworksBuildPhase;
			buildActionMask = 2147483647;
			files = (
				DDB1DF71240B38CB00C20FED /* Half in Frameworks */,
			);
			runOnlyForDeploymentPostprocessing = 0;
		};
		DD1298AD22A563BE005CEB9A /* Frameworks */ = {
			isa = PBXFrameworksBuildPhase;
			buildActionMask = 2147483647;
			files = (
				DD1298B122A563BE005CEB9A /* CBORCoding.framework in Frameworks */,
			);
			runOnlyForDeploymentPostprocessing = 0;
		};
		DD1298DD22A56430005CEB9A /* Frameworks */ = {
			isa = PBXFrameworksBuildPhase;
			buildActionMask = 2147483647;
			files = (
				DDB1DF73240B38D100C20FED /* Half in Frameworks */,
			);
			runOnlyForDeploymentPostprocessing = 0;
		};
		DD1298E522A56430005CEB9A /* Frameworks */ = {
			isa = PBXFrameworksBuildPhase;
			buildActionMask = 2147483647;
			files = (
				DD1298E922A56431005CEB9A /* CBORCoding.framework in Frameworks */,
			);
			runOnlyForDeploymentPostprocessing = 0;
		};
		DD1298FB22A5644C005CEB9A /* Frameworks */ = {
			isa = PBXFrameworksBuildPhase;
			buildActionMask = 2147483647;
			files = (
				DDB1DF75240B38D600C20FED /* Half in Frameworks */,
			);
			runOnlyForDeploymentPostprocessing = 0;
		};
		DD32E366228DDCFB002D9067 /* Frameworks */ = {
			isa = PBXFrameworksBuildPhase;
			buildActionMask = 2147483647;
			files = (
				DDB1DF6E240B38A000C20FED /* Half in Frameworks */,
			);
			runOnlyForDeploymentPostprocessing = 0;
		};
		DD32E36F228DDCFB002D9067 /* Frameworks */ = {
			isa = PBXFrameworksBuildPhase;
			buildActionMask = 2147483647;
			files = (
				DD32E373228DDCFB002D9067 /* CBORCoding.framework in Frameworks */,
			);
			runOnlyForDeploymentPostprocessing = 0;
		};
/* End PBXFrameworksBuildPhase section */

/* Begin PBXGroup section */
		DD12988F22A4876F005CEB9A /* Supporting Files */ = {
			isa = PBXGroup;
			children = (
				DD12989122A487FB005CEB9A /* CBORCoding.podspec */,
				DDF755AC22A8649F002E11D4 /* Package.swift */,
				DDB1DFA2240E949B00C20FED /* Package@swift-4.2.swift */,
				DDF723882413688A00F58881 /* codecov.yml */,
				DD1298A122A546B4005CEB9A /* .swiftlint.yml */,
				DDF755AB22A80069002E11D4 /* .travis.yml */,
				DD12989322A487FB005CEB9A /* README.md */,
				DD12992022A5680A005CEB9A /* ATTRIBUTIONS */,
				DD12989222A487FB005CEB9A /* LICENSE */,
				DDB1DF012409E71200C20FED /* CBORCoding-Info.plist */,
				DDB1DF3E2409E77500C20FED /* CBORCodingTests-Info.plist */,
			);
			name = "Supporting Files";
			sourceTree = "<group>";
		};
		DD32E35F228DDCFB002D9067 = {
			isa = PBXGroup;
			children = (
				DD32E36B228DDCFB002D9067 /* CBORCoding */,
				DD32E36A228DDCFB002D9067 /* Products */,
			);
			sourceTree = "<group>";
		};
		DD32E36A228DDCFB002D9067 /* Products */ = {
			isa = PBXGroup;
			children = (
				DD32E369228DDCFB002D9067 /* CBORCoding.framework */,
				DD32E372228DDCFB002D9067 /* CBORCodingTests.xctest */,
				DD1298A822A563BE005CEB9A /* CBORCoding.framework */,
				DD1298B022A563BE005CEB9A /* CBORCoding macOS Tests.xctest */,
				DD1298E022A56430005CEB9A /* CBORCoding.framework */,
				DD1298E822A56430005CEB9A /* CBORCoding tvOS Tests.xctest */,
				DD1298FE22A5644C005CEB9A /* CBORCoding.framework */,
			);
			name = Products;
			sourceTree = "<group>";
		};
		DD32E36B228DDCFB002D9067 /* CBORCoding */ = {
			isa = PBXGroup;
			children = (
				DDB1DEFE2409E6DD00C20FED /* Sources */,
				DDB1DEFF2409E6E600C20FED /* Tests */,
				DD12988F22A4876F005CEB9A /* Supporting Files */,
			);
			name = CBORCoding;
			sourceTree = "<group>";
		};
		DDB1DEFE2409E6DD00C20FED /* Sources */ = {
			isa = PBXGroup;
			children = (
				DDB1DF022409E72400C20FED /* CBORCoding */,
			);
			path = Sources;
			sourceTree = "<group>";
		};
		DDB1DEFF2409E6E600C20FED /* Tests */ = {
			isa = PBXGroup;
			children = (
				DDB1DF292409E76500C20FED /* CBORCodingTests */,
			);
			path = Tests;
			sourceTree = "<group>";
		};
		DDB1DF022409E72400C20FED /* CBORCoding */ = {
			isa = PBXGroup;
			children = (
				DDB1DF282409E74500C20FED /* Coder */,
				DDB1DF262409E72800C20FED /* Common */,
				DDB1DF272409E73100C20FED /* CBOR */,
			);
			path = CBORCoding;
			sourceTree = "<group>";
		};
		DDB1DF262409E72800C20FED /* Common */ = {
			isa = PBXGroup;
			children = (
				DDB1DF032409E72400C20FED /* Containers.swift */,
			);
			name = Common;
			sourceTree = "<group>";
		};
		DDB1DF272409E73100C20FED /* CBOR */ = {
			isa = PBXGroup;
			children = (
				DDB1DF072409E72400C20FED /* CBOR.swift */,
				DDB1DF052409E72400C20FED /* CBOR+Equatable.swift */,
				DDB1DF082409E72400C20FED /* CBOR+Codable.swift */,
			);
			name = CBOR;
			sourceTree = "<group>";
		};
		DDB1DF282409E74500C20FED /* Coder */ = {
			isa = PBXGroup;
			children = (
				DDB1DF042409E72400C20FED /* CBOREncoder.swift */,
				DDB1DF062409E72400C20FED /* CBORDecoder.swift */,
				DDB1DF092409E72400C20FED /* CBORParser.swift */,
			);
			name = Coder;
			sourceTree = "<group>";
		};
		DDB1DF292409E76500C20FED /* CBORCodingTests */ = {
			isa = PBXGroup;
			children = (
				DDB1DF2A2409E76500C20FED /* CBORParserTests.swift */,
				DDB1DF2B2409E76500C20FED /* CBORDecoderTests.swift */,
				DDB1DF2C2409E76500C20FED /* CBORTests.swift */,
				DDB1DF2D2409E76500C20FED /* ContainersTests.swift */,
				DDB1DF2E2409E76500C20FED /* CBOREncoderTests.swift */,
			);
			path = CBORCodingTests;
			sourceTree = "<group>";
		};
/* End PBXGroup section */

/* Begin PBXHeadersBuildPhase section */
		DD1298A322A563BE005CEB9A /* Headers */ = {
			isa = PBXHeadersBuildPhase;
			buildActionMask = 2147483647;
			files = (
			);
			runOnlyForDeploymentPostprocessing = 0;
		};
		DD1298DB22A56430005CEB9A /* Headers */ = {
			isa = PBXHeadersBuildPhase;
			buildActionMask = 2147483647;
			files = (
			);
			runOnlyForDeploymentPostprocessing = 0;
		};
		DD1298F922A5644C005CEB9A /* Headers */ = {
			isa = PBXHeadersBuildPhase;
			buildActionMask = 2147483647;
			files = (
			);
			runOnlyForDeploymentPostprocessing = 0;
		};
		DD32E364228DDCFB002D9067 /* Headers */ = {
			isa = PBXHeadersBuildPhase;
			buildActionMask = 2147483647;
			files = (
			);
			runOnlyForDeploymentPostprocessing = 0;
		};
/* End PBXHeadersBuildPhase section */

/* Begin PBXNativeTarget section */
		DD1298A722A563BE005CEB9A /* CBORCoding macOS */ = {
			isa = PBXNativeTarget;
			buildConfigurationList = DD1298B922A563BE005CEB9A /* Build configuration list for PBXNativeTarget "CBORCoding macOS" */;
			buildPhases = (
				DD1298A322A563BE005CEB9A /* Headers */,
				DD1298A422A563BE005CEB9A /* Sources */,
				DD1298A522A563BE005CEB9A /* Frameworks */,
				DD1298A622A563BE005CEB9A /* Resources */,
				DD7B003723F46F18008AD6A7 /* Embed Frameworks */,
			);
			buildRules = (
			);
			dependencies = (
				DD07934E2412F06400EF65B4 /* PBXTargetDependency */,
				DD12991B22A56494005CEB9A /* PBXTargetDependency */,
			);
			name = "CBORCoding macOS";
			packageProductDependencies = (
				DDB1DF70240B38CB00C20FED /* Half */,
			);
			productName = "CBORCoding macOS";
			productReference = DD1298A822A563BE005CEB9A /* CBORCoding.framework */;
			productType = "com.apple.product-type.framework";
		};
		DD1298AF22A563BE005CEB9A /* CBORCoding macOS Tests */ = {
			isa = PBXNativeTarget;
			buildConfigurationList = DD1298BD22A563BE005CEB9A /* Build configuration list for PBXNativeTarget "CBORCoding macOS Tests" */;
			buildPhases = (
				DD1298AC22A563BE005CEB9A /* Sources */,
				DD1298AD22A563BE005CEB9A /* Frameworks */,
				DD1298AE22A563BE005CEB9A /* Resources */,
			);
			buildRules = (
			);
			dependencies = (
				DD1298B322A563BE005CEB9A /* PBXTargetDependency */,
			);
			name = "CBORCoding macOS Tests";
			productName = "CBORCoding macOSTests";
			productReference = DD1298B022A563BE005CEB9A /* CBORCoding macOS Tests.xctest */;
			productType = "com.apple.product-type.bundle.unit-test";
		};
		DD1298DF22A56430005CEB9A /* CBORCoding tvOS */ = {
			isa = PBXNativeTarget;
			buildConfigurationList = DD1298F122A56431005CEB9A /* Build configuration list for PBXNativeTarget "CBORCoding tvOS" */;
			buildPhases = (
				DD1298DB22A56430005CEB9A /* Headers */,
				DD1298DC22A56430005CEB9A /* Sources */,
				DD1298DD22A56430005CEB9A /* Frameworks */,
				DD1298DE22A56430005CEB9A /* Resources */,
				DD7B003B23F46F24008AD6A7 /* Embed Frameworks */,
			);
			buildRules = (
			);
			dependencies = (
				DD07934C2412F06000EF65B4 /* PBXTargetDependency */,
				DD12991D22A5649B005CEB9A /* PBXTargetDependency */,
			);
			name = "CBORCoding tvOS";
			packageProductDependencies = (
				DDB1DF72240B38D100C20FED /* Half */,
			);
			productName = "CBORCoding tvOS";
			productReference = DD1298E022A56430005CEB9A /* CBORCoding.framework */;
			productType = "com.apple.product-type.framework";
		};
		DD1298E722A56430005CEB9A /* CBORCoding tvOS Tests */ = {
			isa = PBXNativeTarget;
			buildConfigurationList = DD1298F522A56431005CEB9A /* Build configuration list for PBXNativeTarget "CBORCoding tvOS Tests" */;
			buildPhases = (
				DD1298E422A56430005CEB9A /* Sources */,
				DD1298E522A56430005CEB9A /* Frameworks */,
				DD1298E622A56430005CEB9A /* Resources */,
			);
			buildRules = (
			);
			dependencies = (
				DD1298EB22A56431005CEB9A /* PBXTargetDependency */,
			);
			name = "CBORCoding tvOS Tests";
			productName = "CBORCoding tvOSTests";
			productReference = DD1298E822A56430005CEB9A /* CBORCoding tvOS Tests.xctest */;
			productType = "com.apple.product-type.bundle.unit-test";
		};
		DD1298FD22A5644C005CEB9A /* CBORCoding watchOS */ = {
			isa = PBXNativeTarget;
			buildConfigurationList = DD12990322A5644C005CEB9A /* Build configuration list for PBXNativeTarget "CBORCoding watchOS" */;
			buildPhases = (
				DD1298F922A5644C005CEB9A /* Headers */,
				DD1298FA22A5644C005CEB9A /* Sources */,
				DD1298FB22A5644C005CEB9A /* Frameworks */,
				DD1298FC22A5644C005CEB9A /* Resources */,
				DD7B003F23F46F2E008AD6A7 /* Embed Frameworks */,
			);
			buildRules = (
			);
			dependencies = (
				DD07934A2412F05D00EF65B4 /* PBXTargetDependency */,
				DD12991F22A564A0005CEB9A /* PBXTargetDependency */,
			);
			name = "CBORCoding watchOS";
			packageProductDependencies = (
				DDB1DF74240B38D600C20FED /* Half */,
			);
			productName = "CBORCoding watchOS";
			productReference = DD1298FE22A5644C005CEB9A /* CBORCoding.framework */;
			productType = "com.apple.product-type.framework";
		};
		DD32E368228DDCFB002D9067 /* CBORCoding */ = {
			isa = PBXNativeTarget;
			buildConfigurationList = DD32E37D228DDCFB002D9067 /* Build configuration list for PBXNativeTarget "CBORCoding" */;
			buildPhases = (
				DD32E364228DDCFB002D9067 /* Headers */,
				DD32E365228DDCFB002D9067 /* Sources */,
				DD32E366228DDCFB002D9067 /* Frameworks */,
				DD32E367228DDCFB002D9067 /* Resources */,
				DD7B003323F46F08008AD6A7 /* Embed Frameworks */,
			);
			buildRules = (
			);
			dependencies = (
				DD0793502412F06800EF65B4 /* PBXTargetDependency */,
				DD1298A022A48C6C005CEB9A /* PBXTargetDependency */,
			);
			name = CBORCoding;
			packageProductDependencies = (
				DDB1DF6D240B38A000C20FED /* Half */,
			);
			productName = CBORCoding;
			productReference = DD32E369228DDCFB002D9067 /* CBORCoding.framework */;
			productType = "com.apple.product-type.framework";
		};
		DD32E371228DDCFB002D9067 /* CBORCodingTests */ = {
			isa = PBXNativeTarget;
			buildConfigurationList = DD32E380228DDCFB002D9067 /* Build configuration list for PBXNativeTarget "CBORCodingTests" */;
			buildPhases = (
				DD32E36E228DDCFB002D9067 /* Sources */,
				DD32E36F228DDCFB002D9067 /* Frameworks */,
				DD32E370228DDCFB002D9067 /* Resources */,
			);
			buildRules = (
			);
			dependencies = (
				DD32E375228DDCFB002D9067 /* PBXTargetDependency */,
			);
			name = CBORCodingTests;
			productName = CBORCodingTests;
			productReference = DD32E372228DDCFB002D9067 /* CBORCodingTests.xctest */;
			productType = "com.apple.product-type.bundle.unit-test";
		};
/* End PBXNativeTarget section */

/* Begin PBXProject section */
		DD32E360228DDCFB002D9067 /* Project object */ = {
			isa = PBXProject;
			attributes = {
				LastSwiftUpdateCheck = 1020;
				LastUpgradeCheck = 1020;
				ORGANIZATIONNAME = "Some Random iOS Dev";
				TargetAttributes = {
					DD12989722A48C30005CEB9A = {
						CreatedOnToolsVersion = 10.2.1;
					};
					DD1298A722A563BE005CEB9A = {
						CreatedOnToolsVersion = 10.2.1;
					};
					DD1298AF22A563BE005CEB9A = {
						CreatedOnToolsVersion = 10.2.1;
					};
					DD1298DF22A56430005CEB9A = {
						CreatedOnToolsVersion = 10.2.1;
					};
					DD1298E722A56430005CEB9A = {
						CreatedOnToolsVersion = 10.2.1;
					};
					DD1298FD22A5644C005CEB9A = {
						CreatedOnToolsVersion = 10.2.1;
					};
					DD32E368228DDCFB002D9067 = {
						CreatedOnToolsVersion = 10.2.1;
						LastSwiftMigration = 1020;
					};
					DD32E371228DDCFB002D9067 = {
						CreatedOnToolsVersion = 10.2.1;
					};
				};
			};
			buildConfigurationList = DD32E363228DDCFB002D9067 /* Build configuration list for PBXProject "CBORCoding" */;
			compatibilityVersion = "Xcode 9.3";
			developmentRegion = en;
			hasScannedForEncodings = 0;
			knownRegions = (
				en,
				Base,
			);
			mainGroup = DD32E35F228DDCFB002D9067;
			packageReferences = (
				DDB1DF6C240B38A000C20FED /* XCRemoteSwiftPackageReference "Half" */,
			);
			productRefGroup = DD32E36A228DDCFB002D9067 /* Products */;
			projectDirPath = "";
			projectRoot = "";
			targets = (
				DD32E368228DDCFB002D9067 /* CBORCoding */,
				DD32E371228DDCFB002D9067 /* CBORCodingTests */,
				DD1298A722A563BE005CEB9A /* CBORCoding macOS */,
				DD1298AF22A563BE005CEB9A /* CBORCoding macOS Tests */,
				DD1298DF22A56430005CEB9A /* CBORCoding tvOS */,
				DD1298E722A56430005CEB9A /* CBORCoding tvOS Tests */,
				DD1298FD22A5644C005CEB9A /* CBORCoding watchOS */,
				DD12989722A48C30005CEB9A /* Run SwiftLint */,
			);
		};
/* End PBXProject section */

/* Begin PBXResourcesBuildPhase section */
		DD1298A622A563BE005CEB9A /* Resources */ = {
			isa = PBXResourcesBuildPhase;
			buildActionMask = 2147483647;
			files = (
			);
			runOnlyForDeploymentPostprocessing = 0;
		};
		DD1298AE22A563BE005CEB9A /* Resources */ = {
			isa = PBXResourcesBuildPhase;
			buildActionMask = 2147483647;
			files = (
			);
			runOnlyForDeploymentPostprocessing = 0;
		};
		DD1298DE22A56430005CEB9A /* Resources */ = {
			isa = PBXResourcesBuildPhase;
			buildActionMask = 2147483647;
			files = (
			);
			runOnlyForDeploymentPostprocessing = 0;
		};
		DD1298E622A56430005CEB9A /* Resources */ = {
			isa = PBXResourcesBuildPhase;
			buildActionMask = 2147483647;
			files = (
			);
			runOnlyForDeploymentPostprocessing = 0;
		};
		DD1298FC22A5644C005CEB9A /* Resources */ = {
			isa = PBXResourcesBuildPhase;
			buildActionMask = 2147483647;
			files = (
			);
			runOnlyForDeploymentPostprocessing = 0;
		};
		DD32E367228DDCFB002D9067 /* Resources */ = {
			isa = PBXResourcesBuildPhase;
			buildActionMask = 2147483647;
			files = (
			);
			runOnlyForDeploymentPostprocessing = 0;
		};
		DD32E370228DDCFB002D9067 /* Resources */ = {
			isa = PBXResourcesBuildPhase;
			buildActionMask = 2147483647;
			files = (
			);
			runOnlyForDeploymentPostprocessing = 0;
		};
/* End PBXResourcesBuildPhase section */

/* Begin PBXShellScriptBuildPhase section */
		DD12989D22A48C47005CEB9A /* Run SwiftLint */ = {
			isa = PBXShellScriptBuildPhase;
			buildActionMask = 2147483647;
			files = (
			);
			inputFileListPaths = (
			);
			inputPaths = (
			);
			name = "Run SwiftLint";
			outputFileListPaths = (
			);
			outputPaths = (
			);
			runOnlyForDeploymentPostprocessing = 0;
			shellPath = /bin/sh;
			shellScript = "if which swiftlint >/dev/null; then\n    swiftlint\nelse\n    echo \"warning: SwiftLint not installed, download from https://github.com/realm/SwiftLint\"\nfi\n";
		};
/* End PBXShellScriptBuildPhase section */

/* Begin PBXSourcesBuildPhase section */
		DD1298A422A563BE005CEB9A /* Sources */ = {
			isa = PBXSourcesBuildPhase;
			buildActionMask = 2147483647;
			files = (
				DDB1DF0B2409E72400C20FED /* Containers.swift in Sources */,
				DDB1DF1F2409E72400C20FED /* CBOR+Codable.swift in Sources */,
				DDB1DF1B2409E72400C20FED /* CBOR.swift in Sources */,
				DDB1DF132409E72400C20FED /* CBOR+Equatable.swift in Sources */,
				DDB1DF0F2409E72400C20FED /* CBOREncoder.swift in Sources */,
				DDB1DF232409E72400C20FED /* CBORParser.swift in Sources */,
				DDB1DF172409E72400C20FED /* CBORDecoder.swift in Sources */,
			);
			runOnlyForDeploymentPostprocessing = 0;
		};
		DD1298AC22A563BE005CEB9A /* Sources */ = {
			isa = PBXSourcesBuildPhase;
			buildActionMask = 2147483647;
			files = (
				DDB1DF332409E76500C20FED /* CBORDecoderTests.swift in Sources */,
				DDB1DF392409E76500C20FED /* ContainersTests.swift in Sources */,
				DDB1DF3C2409E76500C20FED /* CBOREncoderTests.swift in Sources */,
				DDB1DF302409E76500C20FED /* CBORParserTests.swift in Sources */,
				DDB1DF362409E76500C20FED /* CBORTests.swift in Sources */,
			);
			runOnlyForDeploymentPostprocessing = 0;
		};
		DD1298DC22A56430005CEB9A /* Sources */ = {
			isa = PBXSourcesBuildPhase;
			buildActionMask = 2147483647;
			files = (
				DDB1DF0C2409E72400C20FED /* Containers.swift in Sources */,
				DDB1DF202409E72400C20FED /* CBOR+Codable.swift in Sources */,
				DDB1DF1C2409E72400C20FED /* CBOR.swift in Sources */,
				DDB1DF142409E72400C20FED /* CBOR+Equatable.swift in Sources */,
				DDB1DF102409E72400C20FED /* CBOREncoder.swift in Sources */,
				DDB1DF242409E72400C20FED /* CBORParser.swift in Sources */,
				DDB1DF182409E72400C20FED /* CBORDecoder.swift in Sources */,
			);
			runOnlyForDeploymentPostprocessing = 0;
		};
		DD1298E422A56430005CEB9A /* Sources */ = {
			isa = PBXSourcesBuildPhase;
			buildActionMask = 2147483647;
			files = (
				DDB1DF342409E76500C20FED /* CBORDecoderTests.swift in Sources */,
				DDB1DF3A2409E76500C20FED /* ContainersTests.swift in Sources */,
				DDB1DF3D2409E76600C20FED /* CBOREncoderTests.swift in Sources */,
				DDB1DF312409E76500C20FED /* CBORParserTests.swift in Sources */,
				DDB1DF372409E76500C20FED /* CBORTests.swift in Sources */,
			);
			runOnlyForDeploymentPostprocessing = 0;
		};
		DD1298FA22A5644C005CEB9A /* Sources */ = {
			isa = PBXSourcesBuildPhase;
			buildActionMask = 2147483647;
			files = (
				DDB1DF0D2409E72400C20FED /* Containers.swift in Sources */,
				DDB1DF212409E72400C20FED /* CBOR+Codable.swift in Sources */,
				DDB1DF1D2409E72400C20FED /* CBOR.swift in Sources */,
				DDB1DF152409E72400C20FED /* CBOR+Equatable.swift in Sources */,
				DDB1DF112409E72400C20FED /* CBOREncoder.swift in Sources */,
				DDB1DF252409E72400C20FED /* CBORParser.swift in Sources */,
				DDB1DF192409E72400C20FED /* CBORDecoder.swift in Sources */,
			);
			runOnlyForDeploymentPostprocessing = 0;
		};
		DD32E365228DDCFB002D9067 /* Sources */ = {
			isa = PBXSourcesBuildPhase;
			buildActionMask = 2147483647;
			files = (
				DDB1DF0A2409E72400C20FED /* Containers.swift in Sources */,
				DDB1DF1E2409E72400C20FED /* CBOR+Codable.swift in Sources */,
				DDB1DF1A2409E72400C20FED /* CBOR.swift in Sources */,
				DDB1DF122409E72400C20FED /* CBOR+Equatable.swift in Sources */,
				DDB1DF0E2409E72400C20FED /* CBOREncoder.swift in Sources */,
				DDB1DF222409E72400C20FED /* CBORParser.swift in Sources */,
				DDB1DF162409E72400C20FED /* CBORDecoder.swift in Sources */,
			);
			runOnlyForDeploymentPostprocessing = 0;
		};
		DD32E36E228DDCFB002D9067 /* Sources */ = {
			isa = PBXSourcesBuildPhase;
			buildActionMask = 2147483647;
			files = (
				DDB1DF322409E76500C20FED /* CBORDecoderTests.swift in Sources */,
				DDB1DF382409E76500C20FED /* ContainersTests.swift in Sources */,
				DDB1DF3B2409E76500C20FED /* CBOREncoderTests.swift in Sources */,
				DDB1DF2F2409E76500C20FED /* CBORParserTests.swift in Sources */,
				DDB1DF352409E76500C20FED /* CBORTests.swift in Sources */,
			);
			runOnlyForDeploymentPostprocessing = 0;
		};
/* End PBXSourcesBuildPhase section */

/* Begin PBXTargetDependency section */
		DD07934A2412F05D00EF65B4 /* PBXTargetDependency */ = {
			isa = PBXTargetDependency;
			productRef = DD0793492412F05D00EF65B4 /* Half */;
		};
		DD07934C2412F06000EF65B4 /* PBXTargetDependency */ = {
			isa = PBXTargetDependency;
			productRef = DD07934B2412F06000EF65B4 /* Half */;
		};
		DD07934E2412F06400EF65B4 /* PBXTargetDependency */ = {
			isa = PBXTargetDependency;
			productRef = DD07934D2412F06400EF65B4 /* Half */;
		};
		DD0793502412F06800EF65B4 /* PBXTargetDependency */ = {
			isa = PBXTargetDependency;
			productRef = DD07934F2412F06800EF65B4 /* Half */;
		};
		DD1298A022A48C6C005CEB9A /* PBXTargetDependency */ = {
			isa = PBXTargetDependency;
			target = DD12989722A48C30005CEB9A /* Run SwiftLint */;
			targetProxy = DD12989F22A48C6C005CEB9A /* PBXContainerItemProxy */;
		};
		DD1298B322A563BE005CEB9A /* PBXTargetDependency */ = {
			isa = PBXTargetDependency;
			target = DD1298A722A563BE005CEB9A /* CBORCoding macOS */;
			targetProxy = DD1298B222A563BE005CEB9A /* PBXContainerItemProxy */;
		};
		DD1298EB22A56431005CEB9A /* PBXTargetDependency */ = {
			isa = PBXTargetDependency;
			target = DD1298DF22A56430005CEB9A /* CBORCoding tvOS */;
			targetProxy = DD1298EA22A56431005CEB9A /* PBXContainerItemProxy */;
		};
		DD12991B22A56494005CEB9A /* PBXTargetDependency */ = {
			isa = PBXTargetDependency;
			target = DD12989722A48C30005CEB9A /* Run SwiftLint */;
			targetProxy = DD12991A22A56494005CEB9A /* PBXContainerItemProxy */;
		};
		DD12991D22A5649B005CEB9A /* PBXTargetDependency */ = {
			isa = PBXTargetDependency;
			target = DD12989722A48C30005CEB9A /* Run SwiftLint */;
			targetProxy = DD12991C22A5649B005CEB9A /* PBXContainerItemProxy */;
		};
		DD12991F22A564A0005CEB9A /* PBXTargetDependency */ = {
			isa = PBXTargetDependency;
			target = DD12989722A48C30005CEB9A /* Run SwiftLint */;
			targetProxy = DD12991E22A564A0005CEB9A /* PBXContainerItemProxy */;
		};
		DD32E375228DDCFB002D9067 /* PBXTargetDependency */ = {
			isa = PBXTargetDependency;
			target = DD32E368228DDCFB002D9067 /* CBORCoding */;
			targetProxy = DD32E374228DDCFB002D9067 /* PBXContainerItemProxy */;
		};
/* End PBXTargetDependency section */

/* Begin XCBuildConfiguration section */
		DD12989922A48C30005CEB9A /* Debug */ = {
			isa = XCBuildConfiguration;
			buildSettings = {
				CODE_SIGN_STYLE = Automatic;
				PRODUCT_NAME = "$(TARGET_NAME)";
				SDKROOT = macosx;
			};
			name = Debug;
		};
		DD12989B22A48C30005CEB9A /* Release */ = {
			isa = XCBuildConfiguration;
			buildSettings = {
				CODE_SIGN_STYLE = Automatic;
				PRODUCT_NAME = "$(TARGET_NAME)";
				SDKROOT = macosx;
			};
			name = Release;
		};
		DD1298BA22A563BE005CEB9A /* Debug */ = {
			isa = XCBuildConfiguration;
			buildSettings = {
				CODE_SIGN_IDENTITY = "-";
				CODE_SIGN_STYLE = Automatic;
				COMBINE_HIDPI_IMAGES = YES;
				DEFINES_MODULE = YES;
				DYLIB_COMPATIBILITY_VERSION = 1;
				DYLIB_CURRENT_VERSION = 1;
				DYLIB_INSTALL_NAME_BASE = "@rpath";
				FRAMEWORK_VERSION = A;
				INFOPLIST_FILE = "Plists/CBORCoding-Info.plist";
				INSTALL_PATH = "$(LOCAL_LIBRARY_DIR)/Frameworks";
				LD_RUNPATH_SEARCH_PATHS = (
					"$(inherited)",
					"@executable_path/../Frameworks",
					"@loader_path/Frameworks",
				);
				PRODUCT_BUNDLE_IDENTIFIER = com.somerandomiosdev.cborcoding;
				PRODUCT_NAME = CBORCoding;
				SDKROOT = macosx;
				SKIP_INSTALL = YES;
				SUPPORTED_PLATFORMS = macosx;
			};
			name = Debug;
		};
		DD1298BC22A563BE005CEB9A /* Release */ = {
			isa = XCBuildConfiguration;
			buildSettings = {
				CODE_SIGN_IDENTITY = "-";
				CODE_SIGN_STYLE = Automatic;
				COMBINE_HIDPI_IMAGES = YES;
				DEFINES_MODULE = YES;
				DYLIB_COMPATIBILITY_VERSION = 1;
				DYLIB_CURRENT_VERSION = 1;
				DYLIB_INSTALL_NAME_BASE = "@rpath";
				FRAMEWORK_VERSION = A;
				INFOPLIST_FILE = "Plists/CBORCoding-Info.plist";
				INSTALL_PATH = "$(LOCAL_LIBRARY_DIR)/Frameworks";
				LD_RUNPATH_SEARCH_PATHS = (
					"$(inherited)",
					"@executable_path/../Frameworks",
					"@loader_path/Frameworks",
				);
				PRODUCT_BUNDLE_IDENTIFIER = com.somerandomiosdev.cborcoding;
				PRODUCT_NAME = CBORCoding;
				SDKROOT = macosx;
				SKIP_INSTALL = YES;
				SUPPORTED_PLATFORMS = macosx;
			};
			name = Release;
		};
		DD1298BE22A563BE005CEB9A /* Debug */ = {
			isa = XCBuildConfiguration;
			buildSettings = {
				CODE_SIGN_IDENTITY = "-";
				CODE_SIGN_STYLE = Automatic;
				COMBINE_HIDPI_IMAGES = YES;
				INFOPLIST_FILE = "Plists/CBORCodingTests-Info.plist";
				LD_RUNPATH_SEARCH_PATHS = (
					"$(inherited)",
					"@executable_path/../Frameworks",
					"@loader_path/../Frameworks",
					"\"${PROJECT_DIR}/Carthage/Build/Mac\"",
				);
				MACOSX_DEPLOYMENT_TARGET = 10.14;
				PRODUCT_BUNDLE_IDENTIFIER = com.somerandomiosdev.cborcodingtests;
				PRODUCT_NAME = "$(TARGET_NAME)";
				SDKROOT = macosx;
			};
			name = Debug;
		};
		DD1298C022A563BE005CEB9A /* Release */ = {
			isa = XCBuildConfiguration;
			buildSettings = {
				CODE_SIGN_IDENTITY = "-";
				CODE_SIGN_STYLE = Automatic;
				COMBINE_HIDPI_IMAGES = YES;
				INFOPLIST_FILE = "Plists/CBORCodingTests-Info.plist";
				LD_RUNPATH_SEARCH_PATHS = (
					"$(inherited)",
					"@executable_path/../Frameworks",
					"@loader_path/../Frameworks",
					"\"${PROJECT_DIR}/Carthage/Build/Mac\"",
				);
				MACOSX_DEPLOYMENT_TARGET = 10.14;
				PRODUCT_BUNDLE_IDENTIFIER = com.somerandomiosdev.cborcodingtests;
				PRODUCT_NAME = "$(TARGET_NAME)";
				SDKROOT = macosx;
			};
			name = Release;
		};
		DD1298F222A56431005CEB9A /* Debug */ = {
			isa = XCBuildConfiguration;
			buildSettings = {
				CODE_SIGN_IDENTITY = "";
				CODE_SIGN_STYLE = Automatic;
				DEFINES_MODULE = YES;
				DYLIB_COMPATIBILITY_VERSION = 1;
				DYLIB_CURRENT_VERSION = 1;
				DYLIB_INSTALL_NAME_BASE = "@rpath";
				INFOPLIST_FILE = "Plists/CBORCoding-Info.plist";
				INSTALL_PATH = "$(LOCAL_LIBRARY_DIR)/Frameworks";
				LD_RUNPATH_SEARCH_PATHS = (
					"$(inherited)",
					"@executable_path/Frameworks",
					"@loader_path/Frameworks",
				);
				PRODUCT_BUNDLE_IDENTIFIER = com.somerandomiosdev.cborcoding;
				PRODUCT_NAME = CBORCoding;
				SDKROOT = appletvos;
				SKIP_INSTALL = YES;
				SUPPORTED_PLATFORMS = "appletvsimulator appletvos";
				TARGETED_DEVICE_FAMILY = 3;
			};
			name = Debug;
		};
		DD1298F422A56431005CEB9A /* Release */ = {
			isa = XCBuildConfiguration;
			buildSettings = {
				CODE_SIGN_IDENTITY = "";
				CODE_SIGN_STYLE = Automatic;
				DEFINES_MODULE = YES;
				DYLIB_COMPATIBILITY_VERSION = 1;
				DYLIB_CURRENT_VERSION = 1;
				DYLIB_INSTALL_NAME_BASE = "@rpath";
				INFOPLIST_FILE = "Plists/CBORCoding-Info.plist";
				INSTALL_PATH = "$(LOCAL_LIBRARY_DIR)/Frameworks";
				LD_RUNPATH_SEARCH_PATHS = (
					"$(inherited)",
					"@executable_path/Frameworks",
					"@loader_path/Frameworks",
				);
				PRODUCT_BUNDLE_IDENTIFIER = com.somerandomiosdev.cborcoding;
				PRODUCT_NAME = CBORCoding;
				SDKROOT = appletvos;
				SKIP_INSTALL = YES;
				SUPPORTED_PLATFORMS = "appletvsimulator appletvos";
				TARGETED_DEVICE_FAMILY = 3;
			};
			name = Release;
		};
		DD1298F622A56431005CEB9A /* Debug */ = {
			isa = XCBuildConfiguration;
			buildSettings = {
				CODE_SIGN_STYLE = Automatic;
				INFOPLIST_FILE = "Plists/CBORCodingTests-Info.plist";
				LD_RUNPATH_SEARCH_PATHS = (
					"$(inherited)",
					"@executable_path/Frameworks",
					"@loader_path/Frameworks",
					"\"${PROJECT_DIR}/Carthage/Build/tvOS\"",
				);
				PRODUCT_BUNDLE_IDENTIFIER = com.somerandomiosdev.cborcodingtests;
				PRODUCT_NAME = "$(TARGET_NAME)";
				SDKROOT = appletvos;
				TARGETED_DEVICE_FAMILY = 3;
				TVOS_DEPLOYMENT_TARGET = 12.2;
			};
			name = Debug;
		};
		DD1298F822A56431005CEB9A /* Release */ = {
			isa = XCBuildConfiguration;
			buildSettings = {
				CODE_SIGN_STYLE = Automatic;
				INFOPLIST_FILE = "Plists/CBORCodingTests-Info.plist";
				LD_RUNPATH_SEARCH_PATHS = (
					"$(inherited)",
					"@executable_path/Frameworks",
					"@loader_path/Frameworks",
					"\"${PROJECT_DIR}/Carthage/Build/tvOS\"",
				);
				PRODUCT_BUNDLE_IDENTIFIER = com.somerandomiosdev.cborcodingtests;
				PRODUCT_NAME = "$(TARGET_NAME)";
				SDKROOT = appletvos;
				TARGETED_DEVICE_FAMILY = 3;
				TVOS_DEPLOYMENT_TARGET = 12.2;
			};
			name = Release;
		};
		DD12990422A5644C005CEB9A /* Debug */ = {
			isa = XCBuildConfiguration;
			buildSettings = {
				APPLICATION_EXTENSION_API_ONLY = YES;
				CODE_SIGN_IDENTITY = "";
				CODE_SIGN_STYLE = Automatic;
				DEFINES_MODULE = YES;
				DYLIB_COMPATIBILITY_VERSION = 1;
				DYLIB_CURRENT_VERSION = 1;
				DYLIB_INSTALL_NAME_BASE = "@rpath";
				INFOPLIST_FILE = "Plists/CBORCoding-Info.plist";
				INSTALL_PATH = "$(LOCAL_LIBRARY_DIR)/Frameworks";
				LD_RUNPATH_SEARCH_PATHS = (
					"$(inherited)",
					"@executable_path/Frameworks",
					"@loader_path/Frameworks",
				);
				PRODUCT_BUNDLE_IDENTIFIER = com.somerandomiosdev.cborcoding;
				PRODUCT_NAME = CBORCoding;
				SDKROOT = watchos;
				SKIP_INSTALL = YES;
				SUPPORTED_PLATFORMS = "watchsimulator watchos";
				TARGETED_DEVICE_FAMILY = 4;
			};
			name = Debug;
		};
		DD12990622A5644C005CEB9A /* Release */ = {
			isa = XCBuildConfiguration;
			buildSettings = {
				APPLICATION_EXTENSION_API_ONLY = YES;
				CODE_SIGN_IDENTITY = "";
				CODE_SIGN_STYLE = Automatic;
				DEFINES_MODULE = YES;
				DYLIB_COMPATIBILITY_VERSION = 1;
				DYLIB_CURRENT_VERSION = 1;
				DYLIB_INSTALL_NAME_BASE = "@rpath";
				INFOPLIST_FILE = "Plists/CBORCoding-Info.plist";
				INSTALL_PATH = "$(LOCAL_LIBRARY_DIR)/Frameworks";
				LD_RUNPATH_SEARCH_PATHS = (
					"$(inherited)",
					"@executable_path/Frameworks",
					"@loader_path/Frameworks",
				);
				PRODUCT_BUNDLE_IDENTIFIER = com.somerandomiosdev.cborcoding;
				PRODUCT_NAME = CBORCoding;
				SDKROOT = watchos;
				SKIP_INSTALL = YES;
				SUPPORTED_PLATFORMS = "watchsimulator watchos";
				TARGETED_DEVICE_FAMILY = 4;
			};
			name = Release;
		};
		DD32E37B228DDCFB002D9067 /* Debug */ = {
			isa = XCBuildConfiguration;
			buildSettings = {
				ALWAYS_SEARCH_USER_PATHS = NO;
				CLANG_ANALYZER_NONNULL = YES;
				CLANG_ANALYZER_NUMBER_OBJECT_CONVERSION = YES_AGGRESSIVE;
				CLANG_CXX_LANGUAGE_STANDARD = "gnu++14";
				CLANG_CXX_LIBRARY = "libc++";
				CLANG_ENABLE_MODULES = YES;
				CLANG_ENABLE_OBJC_ARC = YES;
				CLANG_ENABLE_OBJC_WEAK = YES;
				CLANG_WARN_BLOCK_CAPTURE_AUTORELEASING = YES;
				CLANG_WARN_BOOL_CONVERSION = YES;
				CLANG_WARN_COMMA = YES;
				CLANG_WARN_CONSTANT_CONVERSION = YES;
				CLANG_WARN_DEPRECATED_OBJC_IMPLEMENTATIONS = YES;
				CLANG_WARN_DIRECT_OBJC_ISA_USAGE = YES_ERROR;
				CLANG_WARN_DOCUMENTATION_COMMENTS = YES;
				CLANG_WARN_EMPTY_BODY = YES;
				CLANG_WARN_ENUM_CONVERSION = YES;
				CLANG_WARN_INFINITE_RECURSION = YES;
				CLANG_WARN_INT_CONVERSION = YES;
				CLANG_WARN_NON_LITERAL_NULL_CONVERSION = YES;
				CLANG_WARN_OBJC_IMPLICIT_RETAIN_SELF = YES;
				CLANG_WARN_OBJC_LITERAL_CONVERSION = YES;
				CLANG_WARN_OBJC_ROOT_CLASS = YES_ERROR;
				CLANG_WARN_RANGE_LOOP_ANALYSIS = YES;
				CLANG_WARN_STRICT_PROTOTYPES = YES;
				CLANG_WARN_SUSPICIOUS_MOVE = YES;
				CLANG_WARN_UNGUARDED_AVAILABILITY = YES_AGGRESSIVE;
				CLANG_WARN_UNREACHABLE_CODE = YES;
				CLANG_WARN__DUPLICATE_METHOD_MATCH = YES;
				CODE_SIGN_IDENTITY = "iPhone Developer";
				COPY_PHASE_STRIP = NO;
				CURRENT_PROJECT_VERSION = 1;
				DEBUG_INFORMATION_FORMAT = dwarf;
				ENABLE_STRICT_OBJC_MSGSEND = YES;
				ENABLE_TESTABILITY = YES;
				GCC_C_LANGUAGE_STANDARD = gnu11;
				GCC_DYNAMIC_NO_PIC = NO;
				GCC_NO_COMMON_BLOCKS = YES;
				GCC_OPTIMIZATION_LEVEL = 0;
				GCC_PREPROCESSOR_DEFINITIONS = (
					"DEBUG=1",
					"$(inherited)",
				);
				GCC_WARN_64_TO_32_BIT_CONVERSION = YES;
				GCC_WARN_ABOUT_RETURN_TYPE = YES_ERROR;
				GCC_WARN_UNDECLARED_SELECTOR = YES;
				GCC_WARN_UNINITIALIZED_AUTOS = YES_AGGRESSIVE;
				GCC_WARN_UNUSED_FUNCTION = YES;
				GCC_WARN_UNUSED_VARIABLE = YES;
				IPHONEOS_DEPLOYMENT_TARGET = 8.0;
				MACOSX_DEPLOYMENT_TARGET = 10.10;
				MTL_ENABLE_DEBUG_INFO = INCLUDE_SOURCE;
				MTL_FAST_MATH = YES;
				ONLY_ACTIVE_ARCH = YES;
				SDKROOT = iphoneos;
				SWIFT_ACTIVE_COMPILATION_CONDITIONS = DEBUG;
				SWIFT_OPTIMIZATION_LEVEL = "-Onone";
				SWIFT_VERSION = 5.0;
				TARGETED_DEVICE_FAMILY = "1,2";
				TVOS_DEPLOYMENT_TARGET = 9.0;
				VERSIONING_SYSTEM = "apple-generic";
				VERSION_INFO_PREFIX = "";
				WATCHOS_DEPLOYMENT_TARGET = 2.0;
			};
			name = Debug;
		};
		DD32E37C228DDCFB002D9067 /* Release */ = {
			isa = XCBuildConfiguration;
			buildSettings = {
				ALWAYS_SEARCH_USER_PATHS = NO;
				CLANG_ANALYZER_NONNULL = YES;
				CLANG_ANALYZER_NUMBER_OBJECT_CONVERSION = YES_AGGRESSIVE;
				CLANG_CXX_LANGUAGE_STANDARD = "gnu++14";
				CLANG_CXX_LIBRARY = "libc++";
				CLANG_ENABLE_MODULES = YES;
				CLANG_ENABLE_OBJC_ARC = YES;
				CLANG_ENABLE_OBJC_WEAK = YES;
				CLANG_WARN_BLOCK_CAPTURE_AUTORELEASING = YES;
				CLANG_WARN_BOOL_CONVERSION = YES;
				CLANG_WARN_COMMA = YES;
				CLANG_WARN_CONSTANT_CONVERSION = YES;
				CLANG_WARN_DEPRECATED_OBJC_IMPLEMENTATIONS = YES;
				CLANG_WARN_DIRECT_OBJC_ISA_USAGE = YES_ERROR;
				CLANG_WARN_DOCUMENTATION_COMMENTS = YES;
				CLANG_WARN_EMPTY_BODY = YES;
				CLANG_WARN_ENUM_CONVERSION = YES;
				CLANG_WARN_INFINITE_RECURSION = YES;
				CLANG_WARN_INT_CONVERSION = YES;
				CLANG_WARN_NON_LITERAL_NULL_CONVERSION = YES;
				CLANG_WARN_OBJC_IMPLICIT_RETAIN_SELF = YES;
				CLANG_WARN_OBJC_LITERAL_CONVERSION = YES;
				CLANG_WARN_OBJC_ROOT_CLASS = YES_ERROR;
				CLANG_WARN_RANGE_LOOP_ANALYSIS = YES;
				CLANG_WARN_STRICT_PROTOTYPES = YES;
				CLANG_WARN_SUSPICIOUS_MOVE = YES;
				CLANG_WARN_UNGUARDED_AVAILABILITY = YES_AGGRESSIVE;
				CLANG_WARN_UNREACHABLE_CODE = YES;
				CLANG_WARN__DUPLICATE_METHOD_MATCH = YES;
				CODE_SIGN_IDENTITY = "iPhone Developer";
				COPY_PHASE_STRIP = NO;
				CURRENT_PROJECT_VERSION = 1;
				DEBUG_INFORMATION_FORMAT = "dwarf-with-dsym";
				ENABLE_NS_ASSERTIONS = NO;
				ENABLE_STRICT_OBJC_MSGSEND = YES;
				GCC_C_LANGUAGE_STANDARD = gnu11;
				GCC_NO_COMMON_BLOCKS = YES;
				GCC_WARN_64_TO_32_BIT_CONVERSION = YES;
				GCC_WARN_ABOUT_RETURN_TYPE = YES_ERROR;
				GCC_WARN_UNDECLARED_SELECTOR = YES;
				GCC_WARN_UNINITIALIZED_AUTOS = YES_AGGRESSIVE;
				GCC_WARN_UNUSED_FUNCTION = YES;
				GCC_WARN_UNUSED_VARIABLE = YES;
				IPHONEOS_DEPLOYMENT_TARGET = 8.0;
				MACOSX_DEPLOYMENT_TARGET = 10.10;
				MTL_ENABLE_DEBUG_INFO = NO;
				MTL_FAST_MATH = YES;
				SDKROOT = iphoneos;
				SWIFT_COMPILATION_MODE = wholemodule;
				SWIFT_OPTIMIZATION_LEVEL = "-O";
				SWIFT_VERSION = 5.0;
				TARGETED_DEVICE_FAMILY = "1,2";
				TVOS_DEPLOYMENT_TARGET = 9.0;
				VALIDATE_PRODUCT = YES;
				VERSIONING_SYSTEM = "apple-generic";
				VERSION_INFO_PREFIX = "";
				WATCHOS_DEPLOYMENT_TARGET = 2.0;
			};
			name = Release;
		};
		DD32E37E228DDCFB002D9067 /* Debug */ = {
			isa = XCBuildConfiguration;
			buildSettings = {
				CLANG_ENABLE_MODULES = YES;
				CODE_SIGN_IDENTITY = "";
				CODE_SIGN_STYLE = Automatic;
				DEFINES_MODULE = YES;
				DYLIB_COMPATIBILITY_VERSION = 1;
				DYLIB_CURRENT_VERSION = 1;
				DYLIB_INSTALL_NAME_BASE = "@rpath";
				INFOPLIST_FILE = "Plists/CBORCoding-Info.plist";
				INSTALL_PATH = "$(LOCAL_LIBRARY_DIR)/Frameworks";
				LD_RUNPATH_SEARCH_PATHS = (
					"$(inherited)",
					"@executable_path/Frameworks",
					"@loader_path/Frameworks",
				);
				PRODUCT_BUNDLE_IDENTIFIER = com.somerandomiosdev.cborcoding;
				PRODUCT_NAME = "$(TARGET_NAME:c99extidentifier)";
				SKIP_INSTALL = YES;
				SUPPORTED_PLATFORMS = "iphonesimulator iphoneos";
				SWIFT_OPTIMIZATION_LEVEL = "-Onone";
			};
			name = Debug;
		};
		DD32E37F228DDCFB002D9067 /* Release */ = {
			isa = XCBuildConfiguration;
			buildSettings = {
				CLANG_ENABLE_MODULES = YES;
				CODE_SIGN_IDENTITY = "";
				CODE_SIGN_STYLE = Automatic;
				DEFINES_MODULE = YES;
				DYLIB_COMPATIBILITY_VERSION = 1;
				DYLIB_CURRENT_VERSION = 1;
				DYLIB_INSTALL_NAME_BASE = "@rpath";
				INFOPLIST_FILE = "Plists/CBORCoding-Info.plist";
				INSTALL_PATH = "$(LOCAL_LIBRARY_DIR)/Frameworks";
				LD_RUNPATH_SEARCH_PATHS = (
					"$(inherited)",
					"@executable_path/Frameworks",
					"@loader_path/Frameworks",
				);
				PRODUCT_BUNDLE_IDENTIFIER = com.somerandomiosdev.cborcoding;
				PRODUCT_NAME = "$(TARGET_NAME:c99extidentifier)";
				SKIP_INSTALL = YES;
				SUPPORTED_PLATFORMS = "iphonesimulator iphoneos";
			};
			name = Release;
		};
		DD32E381228DDCFB002D9067 /* Debug */ = {
			isa = XCBuildConfiguration;
			buildSettings = {
				CODE_SIGN_STYLE = Automatic;
				INFOPLIST_FILE = "Plists/CBORCodingTests-Info.plist";
				LD_RUNPATH_SEARCH_PATHS = (
					"$(inherited)",
					"@executable_path/Frameworks",
					"@loader_path/Frameworks",
					"\"${PROJECT_DIR}/Carthage/Build/iOS\"",
				);
				PRODUCT_BUNDLE_IDENTIFIER = com.somerandomiosdev.cborcodingtests;
				PRODUCT_NAME = "$(TARGET_NAME)";
			};
			name = Debug;
		};
		DD32E382228DDCFB002D9067 /* Release */ = {
			isa = XCBuildConfiguration;
			buildSettings = {
				CODE_SIGN_STYLE = Automatic;
				INFOPLIST_FILE = "Plists/CBORCodingTests-Info.plist";
				LD_RUNPATH_SEARCH_PATHS = (
					"$(inherited)",
					"@executable_path/Frameworks",
					"@loader_path/Frameworks",
					"\"${PROJECT_DIR}/Carthage/Build/iOS\"",
				);
				PRODUCT_BUNDLE_IDENTIFIER = com.somerandomiosdev.cborcodingtests;
				PRODUCT_NAME = "$(TARGET_NAME)";
			};
			name = Release;
		};
/* End XCBuildConfiguration section */

/* Begin XCConfigurationList section */
		DD12989822A48C30005CEB9A /* Build configuration list for PBXAggregateTarget "Run SwiftLint" */ = {
			isa = XCConfigurationList;
			buildConfigurations = (
				DD12989922A48C30005CEB9A /* Debug */,
				DD12989B22A48C30005CEB9A /* Release */,
			);
			defaultConfigurationIsVisible = 0;
			defaultConfigurationName = Release;
		};
		DD1298B922A563BE005CEB9A /* Build configuration list for PBXNativeTarget "CBORCoding macOS" */ = {
			isa = XCConfigurationList;
			buildConfigurations = (
				DD1298BA22A563BE005CEB9A /* Debug */,
				DD1298BC22A563BE005CEB9A /* Release */,
			);
			defaultConfigurationIsVisible = 0;
			defaultConfigurationName = Release;
		};
		DD1298BD22A563BE005CEB9A /* Build configuration list for PBXNativeTarget "CBORCoding macOS Tests" */ = {
			isa = XCConfigurationList;
			buildConfigurations = (
				DD1298BE22A563BE005CEB9A /* Debug */,
				DD1298C022A563BE005CEB9A /* Release */,
			);
			defaultConfigurationIsVisible = 0;
			defaultConfigurationName = Release;
		};
		DD1298F122A56431005CEB9A /* Build configuration list for PBXNativeTarget "CBORCoding tvOS" */ = {
			isa = XCConfigurationList;
			buildConfigurations = (
				DD1298F222A56431005CEB9A /* Debug */,
				DD1298F422A56431005CEB9A /* Release */,
			);
			defaultConfigurationIsVisible = 0;
			defaultConfigurationName = Release;
		};
		DD1298F522A56431005CEB9A /* Build configuration list for PBXNativeTarget "CBORCoding tvOS Tests" */ = {
			isa = XCConfigurationList;
			buildConfigurations = (
				DD1298F622A56431005CEB9A /* Debug */,
				DD1298F822A56431005CEB9A /* Release */,
			);
			defaultConfigurationIsVisible = 0;
			defaultConfigurationName = Release;
		};
		DD12990322A5644C005CEB9A /* Build configuration list for PBXNativeTarget "CBORCoding watchOS" */ = {
			isa = XCConfigurationList;
			buildConfigurations = (
				DD12990422A5644C005CEB9A /* Debug */,
				DD12990622A5644C005CEB9A /* Release */,
			);
			defaultConfigurationIsVisible = 0;
			defaultConfigurationName = Release;
		};
		DD32E363228DDCFB002D9067 /* Build configuration list for PBXProject "CBORCoding" */ = {
			isa = XCConfigurationList;
			buildConfigurations = (
				DD32E37B228DDCFB002D9067 /* Debug */,
				DD32E37C228DDCFB002D9067 /* Release */,
			);
			defaultConfigurationIsVisible = 0;
			defaultConfigurationName = Release;
		};
		DD32E37D228DDCFB002D9067 /* Build configuration list for PBXNativeTarget "CBORCoding" */ = {
			isa = XCConfigurationList;
			buildConfigurations = (
				DD32E37E228DDCFB002D9067 /* Debug */,
				DD32E37F228DDCFB002D9067 /* Release */,
			);
			defaultConfigurationIsVisible = 0;
			defaultConfigurationName = Release;
		};
		DD32E380228DDCFB002D9067 /* Build configuration list for PBXNativeTarget "CBORCodingTests" */ = {
			isa = XCConfigurationList;
			buildConfigurations = (
				DD32E381228DDCFB002D9067 /* Debug */,
				DD32E382228DDCFB002D9067 /* Release */,
			);
			defaultConfigurationIsVisible = 0;
			defaultConfigurationName = Release;
		};
/* End XCConfigurationList section */

/* Begin XCRemoteSwiftPackageReference section */
		DDB1DF6C240B38A000C20FED /* XCRemoteSwiftPackageReference "Half" */ = {
			isa = XCRemoteSwiftPackageReference;
			repositoryURL = "https://github.com/SomeRandomiOSDev/Half.git";
			requirement = {
				kind = upToNextMajorVersion;
				minimumVersion = 1.2.0;
			};
		};
/* End XCRemoteSwiftPackageReference section */

/* Begin XCSwiftPackageProductDependency section */
		DD0793492412F05D00EF65B4 /* Half */ = {
			isa = XCSwiftPackageProductDependency;
			package = DDB1DF6C240B38A000C20FED /* XCRemoteSwiftPackageReference "Half" */;
			productName = Half;
		};
		DD07934B2412F06000EF65B4 /* Half */ = {
			isa = XCSwiftPackageProductDependency;
			package = DDB1DF6C240B38A000C20FED /* XCRemoteSwiftPackageReference "Half" */;
			productName = Half;
		};
		DD07934D2412F06400EF65B4 /* Half */ = {
			isa = XCSwiftPackageProductDependency;
			package = DDB1DF6C240B38A000C20FED /* XCRemoteSwiftPackageReference "Half" */;
			productName = Half;
		};
		DD07934F2412F06800EF65B4 /* Half */ = {
			isa = XCSwiftPackageProductDependency;
			package = DDB1DF6C240B38A000C20FED /* XCRemoteSwiftPackageReference "Half" */;
			productName = Half;
		};
		DDB1DF6D240B38A000C20FED /* Half */ = {
			isa = XCSwiftPackageProductDependency;
			package = DDB1DF6C240B38A000C20FED /* XCRemoteSwiftPackageReference "Half" */;
			productName = Half;
		};
		DDB1DF70240B38CB00C20FED /* Half */ = {
			isa = XCSwiftPackageProductDependency;
			package = DDB1DF6C240B38A000C20FED /* XCRemoteSwiftPackageReference "Half" */;
			productName = Half;
		};
		DDB1DF72240B38D100C20FED /* Half */ = {
			isa = XCSwiftPackageProductDependency;
			package = DDB1DF6C240B38A000C20FED /* XCRemoteSwiftPackageReference "Half" */;
			productName = Half;
		};
		DDB1DF74240B38D600C20FED /* Half */ = {
			isa = XCSwiftPackageProductDependency;
			package = DDB1DF6C240B38A000C20FED /* XCRemoteSwiftPackageReference "Half" */;
			productName = Half;
		};
/* End XCSwiftPackageProductDependency section */
	};
	rootObject = DD32E360228DDCFB002D9067 /* Project object */;
}
